
Microsoft Visual Studio Solution File, Format Version 12.00
# Visual Studio 15
VisualStudioVersion = 15.0.27428.2015
MinimumVisualStudioVersion = 10.0.40219.1
Project("{FAE04EC0-301F-11D3-BF4B-00C04F79EFBC}") = "MyFileWatcher", "MyFileWatcher\MyFileWatcher.csproj", "{F7DAD50C-1962-4FA7-8A10-DACCECB2D4B4}"
EndProject
Global
	GlobalSection(SolutionConfigurationPlatforms) = preSolution
		Debug|Any CPU = Debug|Any CPU
		Release|Any CPU = Release|Any CPU
	EndGlobalSection
	GlobalSection(ProjectConfigurationPlatforms) = postSolution
		{F7DAD50C-1962-4FA7-8A10-DACCECB2D4B4}.Debug|Any CPU.ActiveCfg = Debug|Any CPU
		{F7DAD50C-1962-4FA7-8A10-DACCECB2D4B4}.Debug|Any CPU.Build.0 = Debug|Any CPU
		{F7DAD50C-1962-4FA7-8A10-DACCECB2D4B4}.Release|Any CPU.ActiveCfg = Release|Any CPU
		{F7DAD50C-1962-4FA7-8A10-DACCECB2D4B4}.Release|Any CPU.Build.0 = Release|Any CPU
	EndGlobalSection
	GlobalSection(SolutionProperties) = preSolution
		HideSolutionNode = FALSE
	EndGlobalSection
	GlobalSection(ExtensibilityGlobals) = postSolution
		SolutionGuid = {42AA9909-D17D-4AFA-8BD4-BDF18D9F2A96}
	EndGlobalSection
EndGlobal
